
Microsoft Visual Studio Solution File, Format Version 12.00
# Visual Studio Version 17
VisualStudioVersion = 17.5.001.0
MinimumVisualStudioVersion = 10.0.40219.1
Project("{9A19103F-16F7-4668-BE54-9A1E7A4F7556}") = "projeto-blog", "projeto-blog.csproj", "{FC43FE2C-8665-409C-AF78-1665442724F6}"
EndProject
Global
	GlobalSection(SolutionConfigurationPlatforms) = preSolution
		Debug|Any CPU = Debug|Any CPU
		Release|Any CPU = Release|Any CPU
	EndGlobalSection
	GlobalSection(ProjectConfigurationPlatforms) = postSolution
		{FC43FE2C-8665-409C-AF78-1665442724F6}.Debug|Any CPU.ActiveCfg = Debug|Any CPU
		{FC43FE2C-8665-409C-AF78-1665442724F6}.Debug|Any CPU.Build.0 = Debug|Any CPU
		{FC43FE2C-8665-409C-AF78-1665442724F6}.Release|Any CPU.ActiveCfg = Release|Any CPU
		{FC43FE2C-8665-409C-AF78-1665442724F6}.Release|Any CPU.Build.0 = Release|Any CPU
	EndGlobalSection
	GlobalSection(SolutionProperties) = preSolution
		HideSolutionNode = FALSE
	EndGlobalSection
	GlobalSection(ExtensibilityGlobals) = postSolution
		SolutionGuid = {83A53767-2B69-4444-9941-5C822F51F90F}
	EndGlobalSection
EndGlobal
